{
  "originHash" : "fe0e4f745e80a39791f1b8ef36548292381488f2cde2c7d12cd93483d64241da",
  "pins" : [
    {
      "identity" : "screchkit",
      "kind" : "remoteSourceControl",
      "location" : "https://github.com/TopScrech/ScrechKit",
      "state" : {
        "revision" : "b679501c9c06f54585c77ff40445186ea36c6a6c",
        "version" : "1.0.13"
      }
    }
  ],
  "version" : 3
}
