{
  "originHash" : "fe0e4f745e80a39791f1b8ef36548292381488f2cde2c7d12cd93483d64241da",
  "pins" : [
    {
      "identity" : "screchkit",
      "kind" : "remoteSourceControl",
      "location" : "https://github.com/TopScrech/ScrechKit",
      "state" : {
        "revision" : "b042653a85530e387eb5036a49983918d6511276",
        "version" : "1.0.4"
      }
    }
  ],
  "version" : 3
}
